// !$*UTF8*$!
{
	archiveVersion = 1;
	classes = {
	};
	objectVersion = 46;
	objects = {

/* Begin PBXBuildFile section */
		27761DE01510AD500046D150 /* Foundation.framework in Frameworks */ = {isa = PBXBuildFile; fileRef = 27761DDF1510AD500046D150 /* Foundation.framework */; };
		27761DE61510AD500046D150 /* adDeluxeSDK.m in Sources */ = {isa = PBXBuildFile; fileRef = 27761DE51510AD500046D150 /* adDeluxeSDK.m */; };
		27761DEE1510AD500046D150 /* SenTestingKit.framework in Frameworks */ = {isa = PBXBuildFile; fileRef = 27761DED1510AD500046D150 /* SenTestingKit.framework */; };
		27761DF01510AD500046D150 /* UIKit.framework in Frameworks */ = {isa = PBXBuildFile; fileRef = 27761DEF1510AD500046D150 /* UIKit.framework */; };
		27761DF11510AD500046D150 /* Foundation.framework in Frameworks */ = {isa = PBXBuildFile; fileRef = 27761DDF1510AD500046D150 /* Foundation.framework */; };
		27761DF41510AD500046D150 /* libadDeluxeSDK.a in Frameworks */ = {isa = PBXBuildFile; fileRef = 27761DDC1510AD500046D150 /* libadDeluxeSDK.a */; };
		27761DFA1510AD500046D150 /* InfoPlist.strings in Resources */ = {isa = PBXBuildFile; fileRef = 27761DF81510AD500046D150 /* InfoPlist.strings */; };
		27761DFD1510AD500046D150 /* adDeluxeSDKTests.m in Sources */ = {isa = PBXBuildFile; fileRef = 27761DFC1510AD500046D150 /* adDeluxeSDKTests.m */; };
/* End PBXBuildFile section */

/* Begin PBXContainerItemProxy section */
		27761DF21510AD500046D150 /* PBXContainerItemProxy */ = {
			isa = PBXContainerItemProxy;
			containerPortal = 27761DD31510AD500046D150 /* Project object */;
			proxyType = 1;
			remoteGlobalIDString = 27761DDB1510AD500046D150;
			remoteInfo = adDeluxeSDK;
		};
/* End PBXContainerItemProxy section */

/* Begin PBXFileReference section */
		27761DDC1510AD500046D150 /* libadDeluxeSDK.a */ = {isa = PBXFileReference; explicitFileType = archive.ar; includeInIndex = 0; path = libadDeluxeSDK.a; sourceTree = BUILT_PRODUCTS_DIR; };
		27761DDF1510AD500046D150 /* Foundation.framework */ = {isa = PBXFileReference; lastKnownFileType = wrapper.framework; name = Foundation.framework; path = System/Library/Frameworks/Foundation.framework; sourceTree = SDKROOT; };
		27761DE31510AD500046D150 /* adDeluxeSDK-Prefix.pch */ = {isa = PBXFileReference; lastKnownFileType = sourcecode.c.h; path = "adDeluxeSDK-Prefix.pch"; sourceTree = "<group>"; };
		27761DE41510AD500046D150 /* adDeluxeSDK.h */ = {isa = PBXFileReference; lastKnownFileType = sourcecode.c.h; path = adDeluxeSDK.h; sourceTree = "<group>"; };
		27761DE51510AD500046D150 /* adDeluxeSDK.m */ = {isa = PBXFileReference; lastKnownFileType = sourcecode.c.objc; path = adDeluxeSDK.m; sourceTree = "<group>"; };
		27761DEC1510AD500046D150 /* adDeluxeSDKTests.octest */ = {isa = PBXFileReference; explicitFileType = wrapper.cfbundle; includeInIndex = 0; path = adDeluxeSDKTests.octest; sourceTree = BUILT_PRODUCTS_DIR; };
		27761DED1510AD500046D150 /* SenTestingKit.framework */ = {isa = PBXFileReference; lastKnownFileType = wrapper.framework; name = SenTestingKit.framework; path = Library/Frameworks/SenTestingKit.framework; sourceTree = DEVELOPER_DIR; };
		27761DEF1510AD500046D150 /* UIKit.framework */ = {isa = PBXFileReference; lastKnownFileType = wrapper.framework; name = UIKit.framework; path = Library/Frameworks/UIKit.framework; sourceTree = DEVELOPER_DIR; };
		27761DF71510AD500046D150 /* adDeluxeSDKTests-Info.plist */ = {isa = PBXFileReference; lastKnownFileType = text.plist.xml; path = "adDeluxeSDKTests-Info.plist"; sourceTree = "<group>"; };
		27761DF91510AD500046D150 /* en */ = {isa = PBXFileReference; lastKnownFileType = text.plist.strings; name = en; path = en.lproj/InfoPlist.strings; sourceTree = "<group>"; };
		27761DFB1510AD500046D150 /* adDeluxeSDKTests.h */ = {isa = PBXFileReference; lastKnownFileType = sourcecode.c.h; path = adDeluxeSDKTests.h; sourceTree = "<group>"; };
		27761DFC1510AD500046D150 /* adDeluxeSDKTests.m */ = {isa = PBXFileReference; lastKnownFileType = sourcecode.c.objc; path = adDeluxeSDKTests.m; sourceTree = "<group>"; };
/* End PBXFileReference section */

/* Begin PBXFrameworksBuildPhase section */
		27761DD91510AD500046D150 /* Frameworks */ = {
			isa = PBXFrameworksBuildPhase;
			buildActionMask = 2147483647;
			files = (
				27761DE01510AD500046D150 /* Foundation.framework in Frameworks */,
			);
			runOnlyForDeploymentPostprocessing = 0;
		};
		27761DE81510AD500046D150 /* Frameworks */ = {
			isa = PBXFrameworksBuildPhase;
			buildActionMask = 2147483647;
			files = (
				27761DEE1510AD500046D150 /* SenTestingKit.framework in Frameworks */,
				27761DF01510AD500046D150 /* UIKit.framework in Frameworks */,
				27761DF11510AD500046D150 /* Foundation.framework in Frameworks */,
				27761DF41510AD500046D150 /* libadDeluxeSDK.a in Frameworks */,
			);
			runOnlyForDeploymentPostprocessing = 0;
		};
/* End PBXFrameworksBuildPhase section */

/* Begin PBXGroup section */
		27761DD11510AD500046D150 = {
			isa = PBXGroup;
			children = (
				27761DE11510AD500046D150 /* adDeluxeSDK */,
				27761DF51510AD500046D150 /* adDeluxeSDKTests */,
				27761DDE1510AD500046D150 /* Frameworks */,
				27761DDD1510AD500046D150 /* Products */,
			);
			sourceTree = "<group>";
		};
		27761DDD1510AD500046D150 /* Products */ = {
			isa = PBXGroup;
			children = (
				27761DDC1510AD500046D150 /* libadDeluxeSDK.a */,
				27761DEC1510AD500046D150 /* adDeluxeSDKTests.octest */,
			);
			name = Products;
			sourceTree = "<group>";
		};
		27761DDE1510AD500046D150 /* Frameworks */ = {
			isa = PBXGroup;
			children = (
				27761DDF1510AD500046D150 /* Foundation.framework */,
				27761DED1510AD500046D150 /* SenTestingKit.framework */,
				27761DEF1510AD500046D150 /* UIKit.framework */,
			);
			name = Frameworks;
			sourceTree = "<group>";
		};
		27761DE11510AD500046D150 /* adDeluxeSDK */ = {
			isa = PBXGroup;
			children = (
				27761DE41510AD500046D150 /* adDeluxeSDK.h */,
				27761DE51510AD500046D150 /* adDeluxeSDK.m */,
				27761DE21510AD500046D150 /* Supporting Files */,
			);
			path = adDeluxeSDK;
			sourceTree = "<group>";
		};
		27761DE21510AD500046D150 /* Supporting Files */ = {
			isa = PBXGroup;
			children = (
				27761DE31510AD500046D150 /* adDeluxeSDK-Prefix.pch */,
			);
			name = "Supporting Files";
			sourceTree = "<group>";
		};
		27761DF51510AD500046D150 /* adDeluxeSDKTests */ = {
			isa = PBXGroup;
			children = (
				27761DFB1510AD500046D150 /* adDeluxeSDKTests.h */,
				27761DFC1510AD500046D150 /* adDeluxeSDKTests.m */,
				27761DF61510AD500046D150 /* Supporting Files */,
			);
			path = adDeluxeSDKTests;
			sourceTree = "<group>";
		};
		27761DF61510AD500046D150 /* Supporting Files */ = {
			isa = PBXGroup;
			children = (
				27761DF71510AD500046D150 /* adDeluxeSDKTests-Info.plist */,
				27761DF81510AD500046D150 /* InfoPlist.strings */,
			);
			name = "Supporting Files";
			sourceTree = "<group>";
		};
/* End PBXGroup section */

/* Begin PBXHeadersBuildPhase section */
		27761DDA1510AD500046D150 /* Headers */ = {
			isa = PBXHeadersBuildPhase;
			buildActionMask = 2147483647;
			files = (
			);
			runOnlyForDeploymentPostprocessing = 0;
		};
/* End PBXHeadersBuildPhase section */

/* Begin PBXNativeTarget section */
		27761DDB1510AD500046D150 /* adDeluxeSDK */ = {
			isa = PBXNativeTarget;
			buildConfigurationList = 27761E001510AD500046D150 /* Build configuration list for PBXNativeTarget "adDeluxeSDK" */;
			buildPhases = (
				27761DD81510AD500046D150 /* Sources */,
				27761DD91510AD500046D150 /* Frameworks */,
				27761DDA1510AD500046D150 /* Headers */,
			);
			buildRules = (
			);
			dependencies = (
			);
			name = adDeluxeSDK;
			productName = adDeluxeSDK;
			productReference = 27761DDC1510AD500046D150 /* libadDeluxeSDK.a */;
			productType = "com.apple.product-type.library.static";
		};
		27761DEB1510AD500046D150 /* adDeluxeSDKTests */ = {
			isa = PBXNativeTarget;
			buildConfigurationList = 27761E031510AD500046D150 /* Build configuration list for PBXNativeTarget "adDeluxeSDKTests" */;
			buildPhases = (
				27761DE71510AD500046D150 /* Sources */,
				27761DE81510AD500046D150 /* Frameworks */,
				27761DE91510AD500046D150 /* Resources */,
				27761DEA1510AD500046D150 /* ShellScript */,
			);
			buildRules = (
			);
			dependencies = (
				27761DF31510AD500046D150 /* PBXTargetDependency */,
			);
			name = adDeluxeSDKTests;
			productName = adDeluxeSDKTests;
			productReference = 27761DEC1510AD500046D150 /* adDeluxeSDKTests.octest */;
			productType = "com.apple.product-type.bundle";
		};
/* End PBXNativeTarget section */

/* Begin PBXProject section */
		27761DD31510AD500046D150 /* Project object */ = {
			isa = PBXProject;
			attributes = {
				LastUpgradeCheck = 0430;
				ORGANIZATIONNAME = fukata.org;
			};
			buildConfigurationList = 27761DD61510AD500046D150 /* Build configuration list for PBXProject "adDeluxeSDK" */;
			compatibilityVersion = "Xcode 3.2";
			developmentRegion = English;
			hasScannedForEncodings = 0;
			knownRegions = (
				en,
			);
			mainGroup = 27761DD11510AD500046D150;
			productRefGroup = 27761DDD1510AD500046D150 /* Products */;
			projectDirPath = "";
			projectRoot = "";
			targets = (
				27761DDB1510AD500046D150 /* adDeluxeSDK */,
				27761DEB1510AD500046D150 /* adDeluxeSDKTests */,
			);
		};
/* End PBXProject section */

/* Begin PBXResourcesBuildPhase section */
		27761DE91510AD500046D150 /* Resources */ = {
			isa = PBXResourcesBuildPhase;
			buildActionMask = 2147483647;
			files = (
				27761DFA1510AD500046D150 /* InfoPlist.strings in Resources */,
			);
			runOnlyForDeploymentPostprocessing = 0;
		};
/* End PBXResourcesBuildPhase section */

/* Begin PBXShellScriptBuildPhase section */
		27761DEA1510AD500046D150 /* ShellScript */ = {
			isa = PBXShellScriptBuildPhase;
			buildActionMask = 2147483647;
			files = (
			);
			inputPaths = (
			);
			outputPaths = (
			);
			runOnlyForDeploymentPostprocessing = 0;
			shellPath = /bin/sh;
			shellScript = "# Run the unit tests in this test bundle.\n\"${SYSTEM_DEVELOPER_DIR}/Tools/RunUnitTests\"\n";
		};
/* End PBXShellScriptBuildPhase section */

/* Begin PBXSourcesBuildPhase section */
		27761DD81510AD500046D150 /* Sources */ = {
			isa = PBXSourcesBuildPhase;
			buildActionMask = 2147483647;
			files = (
				27761DE61510AD500046D150 /* adDeluxeSDK.m in Sources */,
			);
			runOnlyForDeploymentPostprocessing = 0;
		};
		27761DE71510AD500046D150 /* Sources */ = {
			isa = PBXSourcesBuildPhase;
			buildActionMask = 2147483647;
			files = (
				27761DFD1510AD500046D150 /* adDeluxeSDKTests.m in Sources */,
			);
			runOnlyForDeploymentPostprocessing = 0;
		};
/* End PBXSourcesBuildPhase section */

/* Begin PBXTargetDependency section */
		27761DF31510AD500046D150 /* PBXTargetDependency */ = {
			isa = PBXTargetDependency;
			target = 27761DDB1510AD500046D150 /* adDeluxeSDK */;
			targetProxy = 27761DF21510AD500046D150 /* PBXContainerItemProxy */;
		};
/* End PBXTargetDependency section */

/* Begin PBXVariantGroup section */
		27761DF81510AD500046D150 /* InfoPlist.strings */ = {
			isa = PBXVariantGroup;
			children = (
				27761DF91510AD500046D150 /* en */,
			);
			name = InfoPlist.strings;
			sourceTree = "<group>";
		};
/* End PBXVariantGroup section */

/* Begin XCBuildConfiguration section */
		27761DFE1510AD500046D150 /* Debug */ = {
			isa = XCBuildConfiguration;
			buildSettings = {
				ALWAYS_SEARCH_USER_PATHS = NO;
				ARCHS = "$(ARCHS_STANDARD_32_BIT)";
				CLANG_ENABLE_OBJC_ARC = YES;
				COPY_PHASE_STRIP = NO;
				GCC_C_LANGUAGE_STANDARD = gnu99;
				GCC_DYNAMIC_NO_PIC = NO;
				GCC_OPTIMIZATION_LEVEL = 0;
				GCC_PREPROCESSOR_DEFINITIONS = (
					"DEBUG=1",
					"$(inherited)",
				);
				GCC_SYMBOLS_PRIVATE_EXTERN = NO;
				GCC_VERSION = com.apple.compilers.llvm.clang.1_0;
				GCC_WARN_ABOUT_RETURN_TYPE = YES;
				GCC_WARN_UNINITIALIZED_AUTOS = YES;
				GCC_WARN_UNUSED_VARIABLE = YES;
				IPHONEOS_DEPLOYMENT_TARGET = 5.1;
				SDKROOT = iphoneos;
			};
			name = Debug;
		};
		27761DFF1510AD500046D150 /* Release */ = {
			isa = XCBuildConfiguration;
			buildSettings = {
				ALWAYS_SEARCH_USER_PATHS = NO;
				ARCHS = "$(ARCHS_STANDARD_32_BIT)";
				CLANG_ENABLE_OBJC_ARC = YES;
				COPY_PHASE_STRIP = YES;
				GCC_C_LANGUAGE_STANDARD = gnu99;
				GCC_VERSION = com.apple.compilers.llvm.clang.1_0;
				GCC_WARN_ABOUT_RETURN_TYPE = YES;
				GCC_WARN_UNINITIALIZED_AUTOS = YES;
				GCC_WARN_UNUSED_VARIABLE = YES;
				IPHONEOS_DEPLOYMENT_TARGET = 5.1;
				SDKROOT = iphoneos;
				VALIDATE_PRODUCT = YES;
			};
			name = Release;
		};
		27761E011510AD500046D150 /* Debug */ = {
			isa = XCBuildConfiguration;
			buildSettings = {
				DSTROOT = /tmp/adDeluxeSDK.dst;
				GCC_PRECOMPILE_PREFIX_HEADER = YES;
				GCC_PREFIX_HEADER = "adDeluxeSDK/adDeluxeSDK-Prefix.pch";
				OTHER_LDFLAGS = "-ObjC";
				PRODUCT_NAME = "$(TARGET_NAME)";
				SKIP_INSTALL = YES;
			};
			name = Debug;
		};
		27761E021510AD500046D150 /* Release */ = {
			isa = XCBuildConfiguration;
			buildSettings = {
				DSTROOT = /tmp/adDeluxeSDK.dst;
				GCC_PRECOMPILE_PREFIX_HEADER = YES;
				GCC_PREFIX_HEADER = "adDeluxeSDK/adDeluxeSDK-Prefix.pch";
				OTHER_LDFLAGS = "-ObjC";
				PRODUCT_NAME = "$(TARGET_NAME)";
				SKIP_INSTALL = YES;
			};
			name = Release;
		};
		27761E041510AD500046D150 /* Debug */ = {
			isa = XCBuildConfiguration;
			buildSettings = {
				FRAMEWORK_SEARCH_PATHS = (
					"$(SDKROOT)/Developer/Library/Frameworks",
					"$(DEVELOPER_LIBRARY_DIR)/Frameworks",
				);
				GCC_PRECOMPILE_PREFIX_HEADER = YES;
				GCC_PREFIX_HEADER = "adDeluxeSDK/adDeluxeSDK-Prefix.pch";
				INFOPLIST_FILE = "adDeluxeSDKTests/adDeluxeSDKTests-Info.plist";
				PRODUCT_NAME = "$(TARGET_NAME)";
				WRAPPER_EXTENSION = octest;
			};
			name = Debug;
		};
		27761E051510AD500046D150 /* Release */ = {
			isa = XCBuildConfiguration;
			buildSettings = {
				FRAMEWORK_SEARCH_PATHS = (
					"$(SDKROOT)/Developer/Library/Frameworks",
					"$(DEVELOPER_LIBRARY_DIR)/Frameworks",
				);
				GCC_PRECOMPILE_PREFIX_HEADER = YES;
				GCC_PREFIX_HEADER = "adDeluxeSDK/adDeluxeSDK-Prefix.pch";
				INFOPLIST_FILE = "adDeluxeSDKTests/adDeluxeSDKTests-Info.plist";
				PRODUCT_NAME = "$(TARGET_NAME)";
				WRAPPER_EXTENSION = octest;
			};
			name = Release;
		};
/* End XCBuildConfiguration section */

/* Begin XCConfigurationList section */
		27761DD61510AD500046D150 /* Build configuration list for PBXProject "adDeluxeSDK" */ = {
			isa = XCConfigurationList;
			buildConfigurations = (
				27761DFE1510AD500046D150 /* Debug */,
				27761DFF1510AD500046D150 /* Release */,
			);
			defaultConfigurationIsVisible = 0;
			defaultConfigurationName = Release;
		};
		27761E001510AD500046D150 /* Build configuration list for PBXNativeTarget "adDeluxeSDK" */ = {
			isa = XCConfigurationList;
			buildConfigurations = (
				27761E011510AD500046D150 /* Debug */,
				27761E021510AD500046D150 /* Release */,
			);
			defaultConfigurationIsVisible = 0;
		};
		27761E031510AD500046D150 /* Build configuration list for PBXNativeTarget "adDeluxeSDKTests" */ = {
			isa = XCConfigurationList;
			buildConfigurations = (
				27761E041510AD500046D150 /* Debug */,
				27761E051510AD500046D150 /* Release */,
			);
			defaultConfigurationIsVisible = 0;
		};
/* End XCConfigurationList section */
	};
	rootObject = 27761DD31510AD500046D150 /* Project object */;
}
